// !$*UTF8*$!
{
	archiveVersion = 1;
	classes = {
	};
	objectVersion = 56;
	objects = {

/* Begin PBXBuildFile section */
		C14EA2F6292D34CD008216C1 /* ComposableArchitecture in Frameworks */ = {isa = PBXBuildFile; productRef = C14EA2F5292D34CD008216C1 /* ComposableArchitecture */; };
		C14EA2F8292D34CD008216C1 /* Dependencies in Frameworks */ = {isa = PBXBuildFile; productRef = C14EA2F7292D34CD008216C1 /* Dependencies */; };
		C14EA2FB292D3561008216C1 /* Kingfisher in Frameworks */ = {isa = PBXBuildFile; productRef = C14EA2FA292D3561008216C1 /* Kingfisher */; };
		C14EA307292E5842008216C1 /* VideosView.swift in Sources */ = {isa = PBXBuildFile; fileRef = C14EA306292E5842008216C1 /* VideosView.swift */; };
		C14EA309292E5852008216C1 /* VideosCore.swift in Sources */ = {isa = PBXBuildFile; fileRef = C14EA308292E5852008216C1 /* VideosCore.swift */; };
		C14EA30F292E5A83008216C1 /* VideoDetailCore.swift in Sources */ = {isa = PBXBuildFile; fileRef = C14EA30E292E5A83008216C1 /* VideoDetailCore.swift */; };
		C14EA311292E5A91008216C1 /* VideoDetailView.swift in Sources */ = {isa = PBXBuildFile; fileRef = C14EA310292E5A91008216C1 /* VideoDetailView.swift */; };
		C14EA313292E5AB1008216C1 /* MainCore.swift in Sources */ = {isa = PBXBuildFile; fileRef = C14EA312292E5AB1008216C1 /* MainCore.swift */; };
		C14EA315292E5ABB008216C1 /* MainView.swift in Sources */ = {isa = PBXBuildFile; fileRef = C14EA314292E5ABB008216C1 /* MainView.swift */; };
		C14EA317292E5CB3008216C1 /* FavouritesView.swift in Sources */ = {isa = PBXBuildFile; fileRef = C14EA316292E5CB3008216C1 /* FavouritesView.swift */; };
		C14EA319292E5CC6008216C1 /* FavouritesCore.swift in Sources */ = {isa = PBXBuildFile; fileRef = C14EA318292E5CC6008216C1 /* FavouritesCore.swift */; };
		C14EA31B292E6000008216C1 /* Video.swift in Sources */ = {isa = PBXBuildFile; fileRef = C14EA31A292E6000008216C1 /* Video.swift */; };
		C14EA32C292E61D9008216C1 /* FavoriteVideosRepository.swift in Sources */ = {isa = PBXBuildFile; fileRef = C14EA31D292E61D9008216C1 /* FavoriteVideosRepository.swift */; };
		C14EA32D292E61D9008216C1 /* VideosRepository.swift in Sources */ = {isa = PBXBuildFile; fileRef = C14EA31E292E61D9008216C1 /* VideosRepository.swift */; };
		C14EA338292E88AD008216C1 /* VideoItemView.swift in Sources */ = {isa = PBXBuildFile; fileRef = C14EA337292E88AD008216C1 /* VideoItemView.swift */; };
		C14EA349292F9057008216C1 /* IDataRequest.swift in Sources */ = {isa = PBXBuildFile; fileRef = C14EA348292F9057008216C1 /* IDataRequest.swift */; };
		C14EA34B292F9542008216C1 /* NetworkService.swift in Sources */ = {isa = PBXBuildFile; fileRef = C14EA34A292F9542008216C1 /* NetworkService.swift */; };
		C14EA34D292F9947008216C1 /* NetworkError.swift in Sources */ = {isa = PBXBuildFile; fileRef = C14EA34C292F9947008216C1 /* NetworkError.swift */; };
		C14EA34F292FA05E008216C1 /* IDataRequestConvertible.swift in Sources */ = {isa = PBXBuildFile; fileRef = C14EA34E292FA05E008216C1 /* IDataRequestConvertible.swift */; };
		C14EA355292FAB1D008216C1 /* VideosRequest.swift in Sources */ = {isa = PBXBuildFile; fileRef = C14EA354292FAB1D008216C1 /* VideosRequest.swift */; };
		C14EA357292FABDD008216C1 /* RequestMethod.swift in Sources */ = {isa = PBXBuildFile; fileRef = C14EA356292FABDD008216C1 /* RequestMethod.swift */; };
		C14EA359292FAC12008216C1 /* Environment.swift in Sources */ = {isa = PBXBuildFile; fileRef = C14EA358292FAC12008216C1 /* Environment.swift */; };
		C1A50FDE29250D5700141383 /* TEDTalksApp.swift in Sources */ = {isa = PBXBuildFile; fileRef = C1A50FDD29250D5700141383 /* TEDTalksApp.swift */; };
		C1A50FE229250D5800141383 /* Assets.xcassets in Resources */ = {isa = PBXBuildFile; fileRef = C1A50FE129250D5800141383 /* Assets.xcassets */; };
		C1A50FE629250D5800141383 /* Preview Assets.xcassets in Resources */ = {isa = PBXBuildFile; fileRef = C1A50FE529250D5800141383 /* Preview Assets.xcassets */; };
/* End PBXBuildFile section */

/* Begin PBXFileReference section */
		C14EA306292E5842008216C1 /* VideosView.swift */ = {isa = PBXFileReference; lastKnownFileType = sourcecode.swift; path = VideosView.swift; sourceTree = "<group>"; };
		C14EA308292E5852008216C1 /* VideosCore.swift */ = {isa = PBXFileReference; lastKnownFileType = sourcecode.swift; path = VideosCore.swift; sourceTree = "<group>"; };
		C14EA30E292E5A83008216C1 /* VideoDetailCore.swift */ = {isa = PBXFileReference; lastKnownFileType = sourcecode.swift; path = VideoDetailCore.swift; sourceTree = "<group>"; };
		C14EA310292E5A91008216C1 /* VideoDetailView.swift */ = {isa = PBXFileReference; lastKnownFileType = sourcecode.swift; path = VideoDetailView.swift; sourceTree = "<group>"; };
		C14EA312292E5AB1008216C1 /* MainCore.swift */ = {isa = PBXFileReference; lastKnownFileType = sourcecode.swift; path = MainCore.swift; sourceTree = "<group>"; };
		C14EA314292E5ABB008216C1 /* MainView.swift */ = {isa = PBXFileReference; lastKnownFileType = sourcecode.swift; path = MainView.swift; sourceTree = "<group>"; };
		C14EA316292E5CB3008216C1 /* FavouritesView.swift */ = {isa = PBXFileReference; lastKnownFileType = sourcecode.swift; path = FavouritesView.swift; sourceTree = "<group>"; };
		C14EA318292E5CC6008216C1 /* FavouritesCore.swift */ = {isa = PBXFileReference; lastKnownFileType = sourcecode.swift; path = FavouritesCore.swift; sourceTree = "<group>"; };
		C14EA31A292E6000008216C1 /* Video.swift */ = {isa = PBXFileReference; lastKnownFileType = sourcecode.swift; path = Video.swift; sourceTree = "<group>"; };
		C14EA31D292E61D9008216C1 /* FavoriteVideosRepository.swift */ = {isa = PBXFileReference; fileEncoding = 4; lastKnownFileType = sourcecode.swift; path = FavoriteVideosRepository.swift; sourceTree = "<group>"; };
		C14EA31E292E61D9008216C1 /* VideosRepository.swift */ = {isa = PBXFileReference; fileEncoding = 4; lastKnownFileType = sourcecode.swift; path = VideosRepository.swift; sourceTree = "<group>"; };
		C14EA337292E88AD008216C1 /* VideoItemView.swift */ = {isa = PBXFileReference; lastKnownFileType = sourcecode.swift; path = VideoItemView.swift; sourceTree = "<group>"; };
		C14EA348292F9057008216C1 /* IDataRequest.swift */ = {isa = PBXFileReference; lastKnownFileType = sourcecode.swift; path = IDataRequest.swift; sourceTree = "<group>"; };
		C14EA34A292F9542008216C1 /* NetworkService.swift */ = {isa = PBXFileReference; lastKnownFileType = sourcecode.swift; path = NetworkService.swift; sourceTree = "<group>"; };
		C14EA34C292F9947008216C1 /* NetworkError.swift */ = {isa = PBXFileReference; lastKnownFileType = sourcecode.swift; path = NetworkError.swift; sourceTree = "<group>"; };
		C14EA34E292FA05E008216C1 /* IDataRequestConvertible.swift */ = {isa = PBXFileReference; lastKnownFileType = sourcecode.swift; path = IDataRequestConvertible.swift; sourceTree = "<group>"; };
		C14EA354292FAB1D008216C1 /* VideosRequest.swift */ = {isa = PBXFileReference; lastKnownFileType = sourcecode.swift; path = VideosRequest.swift; sourceTree = "<group>"; };
		C14EA356292FABDD008216C1 /* RequestMethod.swift */ = {isa = PBXFileReference; lastKnownFileType = sourcecode.swift; path = RequestMethod.swift; sourceTree = "<group>"; };
		C14EA358292FAC12008216C1 /* Environment.swift */ = {isa = PBXFileReference; lastKnownFileType = sourcecode.swift; path = Environment.swift; sourceTree = "<group>"; };
		C1A50FDA29250D5700141383 /* TEDTalks.app */ = {isa = PBXFileReference; explicitFileType = wrapper.application; includeInIndex = 0; path = TEDTalks.app; sourceTree = BUILT_PRODUCTS_DIR; };
		C1A50FDD29250D5700141383 /* TEDTalksApp.swift */ = {isa = PBXFileReference; lastKnownFileType = sourcecode.swift; path = TEDTalksApp.swift; sourceTree = "<group>"; };
		C1A50FE129250D5800141383 /* Assets.xcassets */ = {isa = PBXFileReference; lastKnownFileType = folder.assetcatalog; path = Assets.xcassets; sourceTree = "<group>"; };
		C1A50FE329250D5800141383 /* TEDTalks.entitlements */ = {isa = PBXFileReference; lastKnownFileType = text.plist.entitlements; path = TEDTalks.entitlements; sourceTree = "<group>"; };
		C1A50FE529250D5800141383 /* Preview Assets.xcassets */ = {isa = PBXFileReference; lastKnownFileType = folder.assetcatalog; path = "Preview Assets.xcassets"; sourceTree = "<group>"; };
/* End PBXFileReference section */

/* Begin PBXFrameworksBuildPhase section */
		C1A50FD729250D5700141383 /* Frameworks */ = {
			isa = PBXFrameworksBuildPhase;
			buildActionMask = 2147483647;
			files = (
				C14EA2FB292D3561008216C1 /* Kingfisher in Frameworks */,
				C14EA2F6292D34CD008216C1 /* ComposableArchitecture in Frameworks */,
				C14EA2F8292D34CD008216C1 /* Dependencies in Frameworks */,
			);
			runOnlyForDeploymentPostprocessing = 0;
		};
/* End PBXFrameworksBuildPhase section */

/* Begin PBXGroup section */
		C14EA2E3292D2119008216C1 /* Presentation */ = {
			isa = PBXGroup;
			children = (
				C14EA33F292EC307008216C1 /* Shared */,
				C14EA305292E5817008216C1 /* FavouriteVideos */,
				C14EA304292E580D008216C1 /* VideoDetail */,
				C14EA303292E57EB008216C1 /* Main */,
				C14EA302292E57DF008216C1 /* Videos */,
			);
			path = Presentation;
			sourceTree = "<group>";
		};
		C14EA302292E57DF008216C1 /* Videos */ = {
			isa = PBXGroup;
			children = (
				C14EA306292E5842008216C1 /* VideosView.swift */,
				C14EA308292E5852008216C1 /* VideosCore.swift */,
			);
			path = Videos;
			sourceTree = "<group>";
		};
		C14EA303292E57EB008216C1 /* Main */ = {
			isa = PBXGroup;
			children = (
				C14EA312292E5AB1008216C1 /* MainCore.swift */,
				C14EA314292E5ABB008216C1 /* MainView.swift */,
			);
			path = Main;
			sourceTree = "<group>";
		};
		C14EA304292E580D008216C1 /* VideoDetail */ = {
			isa = PBXGroup;
			children = (
				C14EA30E292E5A83008216C1 /* VideoDetailCore.swift */,
				C14EA310292E5A91008216C1 /* VideoDetailView.swift */,
			);
			path = VideoDetail;
			sourceTree = "<group>";
		};
		C14EA305292E5817008216C1 /* FavouriteVideos */ = {
			isa = PBXGroup;
			children = (
				C14EA316292E5CB3008216C1 /* FavouritesView.swift */,
				C14EA318292E5CC6008216C1 /* FavouritesCore.swift */,
			);
			path = FavouriteVideos;
			sourceTree = "<group>";
		};
		C14EA30C292E5A66008216C1 /* Data */ = {
			isa = PBXGroup;
			children = (
				C14EA31C292E61D9008216C1 /* Repositories */,
				C14EA30D292E5A6C008216C1 /* Models */,
			);
			path = Data;
			sourceTree = "<group>";
		};
		C14EA30D292E5A6C008216C1 /* Models */ = {
			isa = PBXGroup;
			children = (
				C14EA31A292E6000008216C1 /* Video.swift */,
			);
			path = Models;
			sourceTree = "<group>";
		};
		C14EA31C292E61D9008216C1 /* Repositories */ = {
			isa = PBXGroup;
			children = (
				C14EA31D292E61D9008216C1 /* FavoriteVideosRepository.swift */,
				C14EA31E292E61D9008216C1 /* VideosRepository.swift */,
			);
			path = Repositories;
			sourceTree = "<group>";
		};
		C14EA33F292EC307008216C1 /* Shared */ = {
			isa = PBXGroup;
			children = (
				C14EA337292E88AD008216C1 /* VideoItemView.swift */,
			);
			path = Shared;
			sourceTree = "<group>";
		};
		C14EA342292F870F008216C1 /* Core */ = {
			isa = PBXGroup;
			children = (
				C14EA345292F8861008216C1 /* Network */,
			);
			path = Core;
			sourceTree = "<group>";
		};
		C14EA345292F8861008216C1 /* Network */ = {
			isa = PBXGroup;
			children = (
				C14EA351292FAA65008216C1 /* Request */,
				C14EA34A292F9542008216C1 /* NetworkService.swift */,
				C14EA34C292F9947008216C1 /* NetworkError.swift */,
				C14EA358292FAC12008216C1 /* Environment.swift */,
			);
			path = Network;
			sourceTree = "<group>";
		};
		C14EA350292FAA51008216C1 /* Base */ = {
			isa = PBXGroup;
			children = (
				C14EA34E292FA05E008216C1 /* IDataRequestConvertible.swift */,
				C14EA348292F9057008216C1 /* IDataRequest.swift */,
				C14EA356292FABDD008216C1 /* RequestMethod.swift */,
			);
			path = Base;
			sourceTree = "<group>";
		};
		C14EA351292FAA65008216C1 /* Request */ = {
			isa = PBXGroup;
			children = (
				C14EA354292FAB1D008216C1 /* VideosRequest.swift */,
				C14EA350292FAA51008216C1 /* Base */,
			);
			path = Request;
			sourceTree = "<group>";
		};
		C1A50FD129250D5700141383 = {
			isa = PBXGroup;
			children = (
				C1A50FDC29250D5700141383 /* TEDTalks */,
				C1A50FDB29250D5700141383 /* Products */,
			);
			sourceTree = "<group>";
		};
		C1A50FDB29250D5700141383 /* Products */ = {
			isa = PBXGroup;
			children = (
				C1A50FDA29250D5700141383 /* TEDTalks.app */,
			);
			name = Products;
			sourceTree = "<group>";
		};
		C1A50FDC29250D5700141383 /* TEDTalks */ = {
			isa = PBXGroup;
			children = (
				C14EA342292F870F008216C1 /* Core */,
				C14EA30C292E5A66008216C1 /* Data */,
				C14EA2E3292D2119008216C1 /* Presentation */,
				C1A50FDD29250D5700141383 /* TEDTalksApp.swift */,
				C1A50FE129250D5800141383 /* Assets.xcassets */,
				C1A50FE329250D5800141383 /* TEDTalks.entitlements */,
				C1A50FE429250D5800141383 /* Preview Content */,
			);
			path = TEDTalks;
			sourceTree = "<group>";
		};
		C1A50FE429250D5800141383 /* Preview Content */ = {
			isa = PBXGroup;
			children = (
				C1A50FE529250D5800141383 /* Preview Assets.xcassets */,
			);
			path = "Preview Content";
			sourceTree = "<group>";
		};
/* End PBXGroup section */

/* Begin PBXNativeTarget section */
		C1A50FD929250D5700141383 /* TEDTalks */ = {
			isa = PBXNativeTarget;
			buildConfigurationList = C1A50FE929250D5800141383 /* Build configuration list for PBXNativeTarget "TEDTalks" */;
			buildPhases = (
				C1A50FD629250D5700141383 /* Sources */,
				C1A50FD729250D5700141383 /* Frameworks */,
				C1A50FD829250D5700141383 /* Resources */,
			);
			buildRules = (
			);
			dependencies = (
			);
			name = TEDTalks;
			packageProductDependencies = (
				C14EA2F5292D34CD008216C1 /* ComposableArchitecture */,
				C14EA2F7292D34CD008216C1 /* Dependencies */,
				C14EA2FA292D3561008216C1 /* Kingfisher */,
			);
			productName = TEDTalks;
			productReference = C1A50FDA29250D5700141383 /* TEDTalks.app */;
			productType = "com.apple.product-type.application";
		};
/* End PBXNativeTarget section */

/* Begin PBXProject section */
		C1A50FD229250D5700141383 /* Project object */ = {
			isa = PBXProject;
			attributes = {
				BuildIndependentTargetsInParallel = 1;
				LastSwiftUpdateCheck = 1400;
				LastUpgradeCheck = 1400;
				TargetAttributes = {
					C1A50FD929250D5700141383 = {
						CreatedOnToolsVersion = 14.0;
					};
				};
			};
			buildConfigurationList = C1A50FD529250D5700141383 /* Build configuration list for PBXProject "TEDTalks" */;
			compatibilityVersion = "Xcode 14.0";
			developmentRegion = en;
			hasScannedForEncodings = 0;
			knownRegions = (
				en,
				Base,
			);
			mainGroup = C1A50FD129250D5700141383;
			packageReferences = (
				C14EA2F4292D34CC008216C1 /* XCRemoteSwiftPackageReference "swift-composable-architecture" */,
				C14EA2F9292D3561008216C1 /* XCRemoteSwiftPackageReference "Kingfisher" */,
			);
			productRefGroup = C1A50FDB29250D5700141383 /* Products */;
			projectDirPath = "";
			projectRoot = "";
			targets = (
				C1A50FD929250D5700141383 /* TEDTalks */,
			);
		};
/* End PBXProject section */

/* Begin PBXResourcesBuildPhase section */
		C1A50FD829250D5700141383 /* Resources */ = {
			isa = PBXResourcesBuildPhase;
			buildActionMask = 2147483647;
			files = (
				C1A50FE629250D5800141383 /* Preview Assets.xcassets in Resources */,
				C1A50FE229250D5800141383 /* Assets.xcassets in Resources */,
			);
			runOnlyForDeploymentPostprocessing = 0;
		};
/* End PBXResourcesBuildPhase section */

/* Begin PBXSourcesBuildPhase section */
		C1A50FD629250D5700141383 /* Sources */ = {
			isa = PBXSourcesBuildPhase;
			buildActionMask = 2147483647;
			files = (
				C14EA32C292E61D9008216C1 /* FavoriteVideosRepository.swift in Sources */,
				C14EA32D292E61D9008216C1 /* VideosRepository.swift in Sources */,
				C14EA319292E5CC6008216C1 /* FavouritesCore.swift in Sources */,
				C14EA30F292E5A83008216C1 /* VideoDetailCore.swift in Sources */,
				C14EA357292FABDD008216C1 /* RequestMethod.swift in Sources */,
				C14EA34B292F9542008216C1 /* NetworkService.swift in Sources */,
				C14EA315292E5ABB008216C1 /* MainView.swift in Sources */,
				C14EA359292FAC12008216C1 /* Environment.swift in Sources */,
				C14EA349292F9057008216C1 /* IDataRequest.swift in Sources */,
				C14EA317292E5CB3008216C1 /* FavouritesView.swift in Sources */,
				C14EA34F292FA05E008216C1 /* IDataRequestConvertible.swift in Sources */,
				C14EA31B292E6000008216C1 /* Video.swift in Sources */,
				C14EA311292E5A91008216C1 /* VideoDetailView.swift in Sources */,
				C14EA355292FAB1D008216C1 /* VideosRequest.swift in Sources */,
				C14EA307292E5842008216C1 /* VideosView.swift in Sources */,
				C1A50FDE29250D5700141383 /* TEDTalksApp.swift in Sources */,
				C14EA309292E5852008216C1 /* VideosCore.swift in Sources */,
				C14EA313292E5AB1008216C1 /* MainCore.swift in Sources */,
				C14EA338292E88AD008216C1 /* VideoItemView.swift in Sources */,
				C14EA34D292F9947008216C1 /* NetworkError.swift in Sources */,
			);
			runOnlyForDeploymentPostprocessing = 0;
		};
/* End PBXSourcesBuildPhase section */

/* Begin XCBuildConfiguration section */
		C1A50FE729250D5800141383 /* Debug */ = {
			isa = XCBuildConfiguration;
			buildSettings = {
				ALWAYS_SEARCH_USER_PATHS = NO;
				CLANG_ANALYZER_NONNULL = YES;
				CLANG_ANALYZER_NUMBER_OBJECT_CONVERSION = YES_AGGRESSIVE;
				CLANG_CXX_LANGUAGE_STANDARD = "gnu++20";
				CLANG_ENABLE_MODULES = YES;
				CLANG_ENABLE_OBJC_ARC = YES;
				CLANG_ENABLE_OBJC_WEAK = YES;
				CLANG_WARN_BLOCK_CAPTURE_AUTORELEASING = YES;
				CLANG_WARN_BOOL_CONVERSION = YES;
				CLANG_WARN_COMMA = YES;
				CLANG_WARN_CONSTANT_CONVERSION = YES;
				CLANG_WARN_DEPRECATED_OBJC_IMPLEMENTATIONS = YES;
				CLANG_WARN_DIRECT_OBJC_ISA_USAGE = YES_ERROR;
				CLANG_WARN_DOCUMENTATION_COMMENTS = YES;
				CLANG_WARN_EMPTY_BODY = YES;
				CLANG_WARN_ENUM_CONVERSION = YES;
				CLANG_WARN_INFINITE_RECURSION = YES;
				CLANG_WARN_INT_CONVERSION = YES;
				CLANG_WARN_NON_LITERAL_NULL_CONVERSION = YES;
				CLANG_WARN_OBJC_IMPLICIT_RETAIN_SELF = YES;
				CLANG_WARN_OBJC_LITERAL_CONVERSION = YES;
				CLANG_WARN_OBJC_ROOT_CLASS = YES_ERROR;
				CLANG_WARN_QUOTED_INCLUDE_IN_FRAMEWORK_HEADER = YES;
				CLANG_WARN_RANGE_LOOP_ANALYSIS = YES;
				CLANG_WARN_STRICT_PROTOTYPES = YES;
				CLANG_WARN_SUSPICIOUS_MOVE = YES;
				CLANG_WARN_UNGUARDED_AVAILABILITY = YES_AGGRESSIVE;
				CLANG_WARN_UNREACHABLE_CODE = YES;
				CLANG_WARN__DUPLICATE_METHOD_MATCH = YES;
				COPY_PHASE_STRIP = NO;
				DEBUG_INFORMATION_FORMAT = dwarf;
				ENABLE_STRICT_OBJC_MSGSEND = YES;
				ENABLE_TESTABILITY = YES;
				GCC_C_LANGUAGE_STANDARD = gnu11;
				GCC_DYNAMIC_NO_PIC = NO;
				GCC_NO_COMMON_BLOCKS = YES;
				GCC_OPTIMIZATION_LEVEL = 0;
				GCC_PREPROCESSOR_DEFINITIONS = (
					"DEBUG=1",
					"$(inherited)",
				);
				GCC_WARN_64_TO_32_BIT_CONVERSION = YES;
				GCC_WARN_ABOUT_RETURN_TYPE = YES_ERROR;
				GCC_WARN_UNDECLARED_SELECTOR = YES;
				GCC_WARN_UNINITIALIZED_AUTOS = YES_AGGRESSIVE;
				GCC_WARN_UNUSED_FUNCTION = YES;
				GCC_WARN_UNUSED_VARIABLE = YES;
				MTL_ENABLE_DEBUG_INFO = INCLUDE_SOURCE;
				MTL_FAST_MATH = YES;
				ONLY_ACTIVE_ARCH = YES;
				SWIFT_ACTIVE_COMPILATION_CONDITIONS = DEBUG;
				SWIFT_OPTIMIZATION_LEVEL = "-Onone";
			};
			name = Debug;
		};
		C1A50FE829250D5800141383 /* Release */ = {
			isa = XCBuildConfiguration;
			buildSettings = {
				ALWAYS_SEARCH_USER_PATHS = NO;
				CLANG_ANALYZER_NONNULL = YES;
				CLANG_ANALYZER_NUMBER_OBJECT_CONVERSION = YES_AGGRESSIVE;
				CLANG_CXX_LANGUAGE_STANDARD = "gnu++20";
				CLANG_ENABLE_MODULES = YES;
				CLANG_ENABLE_OBJC_ARC = YES;
				CLANG_ENABLE_OBJC_WEAK = YES;
				CLANG_WARN_BLOCK_CAPTURE_AUTORELEASING = YES;
				CLANG_WARN_BOOL_CONVERSION = YES;
				CLANG_WARN_COMMA = YES;
				CLANG_WARN_CONSTANT_CONVERSION = YES;
				CLANG_WARN_DEPRECATED_OBJC_IMPLEMENTATIONS = YES;
				CLANG_WARN_DIRECT_OBJC_ISA_USAGE = YES_ERROR;
				CLANG_WARN_DOCUMENTATION_COMMENTS = YES;
				CLANG_WARN_EMPTY_BODY = YES;
				CLANG_WARN_ENUM_CONVERSION = YES;
				CLANG_WARN_INFINITE_RECURSION = YES;
				CLANG_WARN_INT_CONVERSION = YES;
				CLANG_WARN_NON_LITERAL_NULL_CONVERSION = YES;
				CLANG_WARN_OBJC_IMPLICIT_RETAIN_SELF = YES;
				CLANG_WARN_OBJC_LITERAL_CONVERSION = YES;
				CLANG_WARN_OBJC_ROOT_CLASS = YES_ERROR;
				CLANG_WARN_QUOTED_INCLUDE_IN_FRAMEWORK_HEADER = YES;
				CLANG_WARN_RANGE_LOOP_ANALYSIS = YES;
				CLANG_WARN_STRICT_PROTOTYPES = YES;
				CLANG_WARN_SUSPICIOUS_MOVE = YES;
				CLANG_WARN_UNGUARDED_AVAILABILITY = YES_AGGRESSIVE;
				CLANG_WARN_UNREACHABLE_CODE = YES;
				CLANG_WARN__DUPLICATE_METHOD_MATCH = YES;
				COPY_PHASE_STRIP = NO;
				DEBUG_INFORMATION_FORMAT = "dwarf-with-dsym";
				ENABLE_NS_ASSERTIONS = NO;
				ENABLE_STRICT_OBJC_MSGSEND = YES;
				GCC_C_LANGUAGE_STANDARD = gnu11;
				GCC_NO_COMMON_BLOCKS = YES;
				GCC_WARN_64_TO_32_BIT_CONVERSION = YES;
				GCC_WARN_ABOUT_RETURN_TYPE = YES_ERROR;
				GCC_WARN_UNDECLARED_SELECTOR = YES;
				GCC_WARN_UNINITIALIZED_AUTOS = YES_AGGRESSIVE;
				GCC_WARN_UNUSED_FUNCTION = YES;
				GCC_WARN_UNUSED_VARIABLE = YES;
				MTL_ENABLE_DEBUG_INFO = NO;
				MTL_FAST_MATH = YES;
				SWIFT_COMPILATION_MODE = wholemodule;
				SWIFT_OPTIMIZATION_LEVEL = "-O";
			};
			name = Release;
		};
		C1A50FEA29250D5800141383 /* Debug */ = {
			isa = XCBuildConfiguration;
			buildSettings = {
				ASSETCATALOG_COMPILER_APPICON_NAME = AppIcon;
				ASSETCATALOG_COMPILER_GLOBAL_ACCENT_COLOR_NAME = AccentColor;
				CODE_SIGN_ENTITLEMENTS = TEDTalks/TEDTalks.entitlements;
				CODE_SIGN_STYLE = Automatic;
				CURRENT_PROJECT_VERSION = 1;
				DEVELOPMENT_ASSET_PATHS = "\"TEDTalks/Preview Content\"";
				DEVELOPMENT_TEAM = 2DDQ2S75Y4;
				ENABLE_HARDENED_RUNTIME = YES;
				ENABLE_PREVIEWS = YES;
				GENERATE_INFOPLIST_FILE = YES;
				"INFOPLIST_KEY_UIApplicationSceneManifest_Generation[sdk=iphoneos*]" = YES;
				"INFOPLIST_KEY_UIApplicationSceneManifest_Generation[sdk=iphonesimulator*]" = YES;
				"INFOPLIST_KEY_UIApplicationSupportsIndirectInputEvents[sdk=iphoneos*]" = YES;
				"INFOPLIST_KEY_UIApplicationSupportsIndirectInputEvents[sdk=iphonesimulator*]" = YES;
				"INFOPLIST_KEY_UILaunchScreen_Generation[sdk=iphoneos*]" = YES;
				"INFOPLIST_KEY_UILaunchScreen_Generation[sdk=iphonesimulator*]" = YES;
				"INFOPLIST_KEY_UIStatusBarStyle[sdk=iphoneos*]" = UIStatusBarStyleDefault;
				"INFOPLIST_KEY_UIStatusBarStyle[sdk=iphonesimulator*]" = UIStatusBarStyleDefault;
				INFOPLIST_KEY_UISupportedInterfaceOrientations_iPad = "UIInterfaceOrientationPortrait UIInterfaceOrientationPortraitUpsideDown UIInterfaceOrientationLandscapeLeft UIInterfaceOrientationLandscapeRight";
				INFOPLIST_KEY_UISupportedInterfaceOrientations_iPhone = "UIInterfaceOrientationPortrait UIInterfaceOrientationLandscapeLeft UIInterfaceOrientationLandscapeRight";
				IPHONEOS_DEPLOYMENT_TARGET = 16.0;
				LD_RUNPATH_SEARCH_PATHS = "@executable_path/Frameworks";
				"LD_RUNPATH_SEARCH_PATHS[sdk=macosx*]" = "@executable_path/../Frameworks";
				MACOSX_DEPLOYMENT_TARGET = 12.3;
				MARKETING_VERSION = 1.0;
				PRODUCT_BUNDLE_IDENTIFIER = com.ADA.TEDTalks;
				PRODUCT_NAME = "$(TARGET_NAME)";
				SDKROOT = auto;
				SUPPORTED_PLATFORMS = "iphoneos iphonesimulator macosx";
				SWIFT_EMIT_LOC_STRINGS = YES;
				SWIFT_VERSION = 5.0;
				TARGETED_DEVICE_FAMILY = "1,2";
			};
			name = Debug;
		};
		C1A50FEB29250D5800141383 /* Release */ = {
			isa = XCBuildConfiguration;
			buildSettings = {
				ASSETCATALOG_COMPILER_APPICON_NAME = AppIcon;
				ASSETCATALOG_COMPILER_GLOBAL_ACCENT_COLOR_NAME = AccentColor;
				CODE_SIGN_ENTITLEMENTS = TEDTalks/TEDTalks.entitlements;
				CODE_SIGN_STYLE = Automatic;
				CURRENT_PROJECT_VERSION = 1;
				DEVELOPMENT_ASSET_PATHS = "\"TEDTalks/Preview Content\"";
				DEVELOPMENT_TEAM = 2DDQ2S75Y4;
				ENABLE_HARDENED_RUNTIME = YES;
				ENABLE_PREVIEWS = YES;
				GENERATE_INFOPLIST_FILE = YES;
				"INFOPLIST_KEY_UIApplicationSceneManifest_Generation[sdk=iphoneos*]" = YES;
				"INFOPLIST_KEY_UIApplicationSceneManifest_Generation[sdk=iphonesimulator*]" = YES;
				"INFOPLIST_KEY_UIApplicationSupportsIndirectInputEvents[sdk=iphoneos*]" = YES;
				"INFOPLIST_KEY_UIApplicationSupportsIndirectInputEvents[sdk=iphonesimulator*]" = YES;
				"INFOPLIST_KEY_UILaunchScreen_Generation[sdk=iphoneos*]" = YES;
				"INFOPLIST_KEY_UILaunchScreen_Generation[sdk=iphonesimulator*]" = YES;
				"INFOPLIST_KEY_UIStatusBarStyle[sdk=iphoneos*]" = UIStatusBarStyleDefault;
				"INFOPLIST_KEY_UIStatusBarStyle[sdk=iphonesimulator*]" = UIStatusBarStyleDefault;
				INFOPLIST_KEY_UISupportedInterfaceOrientations_iPad = "UIInterfaceOrientationPortrait UIInterfaceOrientationPortraitUpsideDown UIInterfaceOrientationLandscapeLeft UIInterfaceOrientationLandscapeRight";
				INFOPLIST_KEY_UISupportedInterfaceOrientations_iPhone = "UIInterfaceOrientationPortrait UIInterfaceOrientationLandscapeLeft UIInterfaceOrientationLandscapeRight";
				IPHONEOS_DEPLOYMENT_TARGET = 16.0;
				LD_RUNPATH_SEARCH_PATHS = "@executable_path/Frameworks";
				"LD_RUNPATH_SEARCH_PATHS[sdk=macosx*]" = "@executable_path/../Frameworks";
				MACOSX_DEPLOYMENT_TARGET = 12.3;
				MARKETING_VERSION = 1.0;
				PRODUCT_BUNDLE_IDENTIFIER = com.ADA.TEDTalks;
				PRODUCT_NAME = "$(TARGET_NAME)";
				SDKROOT = auto;
				SUPPORTED_PLATFORMS = "iphoneos iphonesimulator macosx";
				SWIFT_EMIT_LOC_STRINGS = YES;
				SWIFT_VERSION = 5.0;
				TARGETED_DEVICE_FAMILY = "1,2";
			};
			name = Release;
		};
/* End XCBuildConfiguration section */

/* Begin XCConfigurationList section */
		C1A50FD529250D5700141383 /* Build configuration list for PBXProject "TEDTalks" */ = {
			isa = XCConfigurationList;
			buildConfigurations = (
				C1A50FE729250D5800141383 /* Debug */,
				C1A50FE829250D5800141383 /* Release */,
			);
			defaultConfigurationIsVisible = 0;
			defaultConfigurationName = Release;
		};
		C1A50FE929250D5800141383 /* Build configuration list for PBXNativeTarget "TEDTalks" */ = {
			isa = XCConfigurationList;
			buildConfigurations = (
				C1A50FEA29250D5800141383 /* Debug */,
				C1A50FEB29250D5800141383 /* Release */,
			);
			defaultConfigurationIsVisible = 0;
			defaultConfigurationName = Release;
		};
/* End XCConfigurationList section */

/* Begin XCRemoteSwiftPackageReference section */
		C14EA2F4292D34CC008216C1 /* XCRemoteSwiftPackageReference "swift-composable-architecture" */ = {
			isa = XCRemoteSwiftPackageReference;
			repositoryURL = "https://github.com/pointfreeco/swift-composable-architecture";
			requirement = {
				kind = upToNextMajorVersion;
				minimumVersion = 0.9.0;
			};
		};
		C14EA2F9292D3561008216C1 /* XCRemoteSwiftPackageReference "Kingfisher" */ = {
			isa = XCRemoteSwiftPackageReference;
			repositoryURL = "https://github.com/onevcat/Kingfisher.git";
			requirement = {
				kind = upToNextMajorVersion;
				minimumVersion = 7.0.0;
			};
		};
/* End XCRemoteSwiftPackageReference section */

/* Begin XCSwiftPackageProductDependency section */
		C14EA2F5292D34CD008216C1 /* ComposableArchitecture */ = {
			isa = XCSwiftPackageProductDependency;
			package = C14EA2F4292D34CC008216C1 /* XCRemoteSwiftPackageReference "swift-composable-architecture" */;
			productName = ComposableArchitecture;
		};
		C14EA2F7292D34CD008216C1 /* Dependencies */ = {
			isa = XCSwiftPackageProductDependency;
			package = C14EA2F4292D34CC008216C1 /* XCRemoteSwiftPackageReference "swift-composable-architecture" */;
			productName = Dependencies;
		};
		C14EA2FA292D3561008216C1 /* Kingfisher */ = {
			isa = XCSwiftPackageProductDependency;
			package = C14EA2F9292D3561008216C1 /* XCRemoteSwiftPackageReference "Kingfisher" */;
			productName = Kingfisher;
		};
/* End XCSwiftPackageProductDependency section */
	};
	rootObject = C1A50FD229250D5700141383 /* Project object */;
}
